// !$*UTF8*$!
{
	archiveVersion = 1;
	classes = {
	};
	objectVersion = 56;
	objects = {

/* Begin PBXBuildFile section */
		DC535BD72B1A3BC400227E30 /* AdventOfCode2023App.swift in Sources */ = {isa = PBXBuildFile; fileRef = DC535BD62B1A3BC400227E30 /* AdventOfCode2023App.swift */; };
		DC535BD92B1A3BC400227E30 /* ContentView.swift in Sources */ = {isa = PBXBuildFile; fileRef = DC535BD82B1A3BC400227E30 /* ContentView.swift */; };
		DC535BDB2B1A3BC500227E30 /* Assets.xcassets in Resources */ = {isa = PBXBuildFile; fileRef = DC535BDA2B1A3BC500227E30 /* Assets.xcassets */; };
		DC535BDE2B1A3BC500227E30 /* Preview Assets.xcassets in Resources */ = {isa = PBXBuildFile; fileRef = DC535BDD2B1A3BC500227E30 /* Preview Assets.xcassets */; };
		DC535BE82B1A3BC600227E30 /* AdventOfCode2023Tests.swift in Sources */ = {isa = PBXBuildFile; fileRef = DC535BE72B1A3BC600227E30 /* AdventOfCode2023Tests.swift */; };
		DC535BF22B1A3BC600227E30 /* AdventOfCode2023UITests.swift in Sources */ = {isa = PBXBuildFile; fileRef = DC535BF12B1A3BC600227E30 /* AdventOfCode2023UITests.swift */; };
		DC535BF42B1A3BC600227E30 /* AdventOfCode2023UITestsLaunchTests.swift in Sources */ = {isa = PBXBuildFile; fileRef = DC535BF32B1A3BC600227E30 /* AdventOfCode2023UITestsLaunchTests.swift */; };
		DC535C012B1A3BD600227E30 /* Day01.swift in Sources */ = {isa = PBXBuildFile; fileRef = DC535C002B1A3BD600227E30 /* Day01.swift */; };
		DC535C032B1A3BE100227E30 /* Day01Tests.swift in Sources */ = {isa = PBXBuildFile; fileRef = DC535C022B1A3BE100227E30 /* Day01Tests.swift */; };
/* End PBXBuildFile section */

/* Begin PBXContainerItemProxy section */
		DC535BE42B1A3BC600227E30 /* PBXContainerItemProxy */ = {
			isa = PBXContainerItemProxy;
			containerPortal = DC535BCB2B1A3BC400227E30 /* Project object */;
			proxyType = 1;
			remoteGlobalIDString = DC535BD22B1A3BC400227E30;
			remoteInfo = AdventOfCode2023;
		};
		DC535BEE2B1A3BC600227E30 /* PBXContainerItemProxy */ = {
			isa = PBXContainerItemProxy;
			containerPortal = DC535BCB2B1A3BC400227E30 /* Project object */;
			proxyType = 1;
			remoteGlobalIDString = DC535BD22B1A3BC400227E30;
			remoteInfo = AdventOfCode2023;
		};
/* End PBXContainerItemProxy section */

/* Begin PBXFileReference section */
		DC535BD32B1A3BC400227E30 /* AdventOfCode2023.app */ = {isa = PBXFileReference; explicitFileType = wrapper.application; includeInIndex = 0; path = AdventOfCode2023.app; sourceTree = BUILT_PRODUCTS_DIR; };
		DC535BD62B1A3BC400227E30 /* AdventOfCode2023App.swift */ = {isa = PBXFileReference; lastKnownFileType = sourcecode.swift; path = AdventOfCode2023App.swift; sourceTree = "<group>"; };
		DC535BD82B1A3BC400227E30 /* ContentView.swift */ = {isa = PBXFileReference; lastKnownFileType = sourcecode.swift; path = ContentView.swift; sourceTree = "<group>"; };
		DC535BDA2B1A3BC500227E30 /* Assets.xcassets */ = {isa = PBXFileReference; lastKnownFileType = folder.assetcatalog; path = Assets.xcassets; sourceTree = "<group>"; };
		DC535BDD2B1A3BC500227E30 /* Preview Assets.xcassets */ = {isa = PBXFileReference; lastKnownFileType = folder.assetcatalog; path = "Preview Assets.xcassets"; sourceTree = "<group>"; };
		DC535BE32B1A3BC600227E30 /* AdventOfCode2023Tests.xctest */ = {isa = PBXFileReference; explicitFileType = wrapper.cfbundle; includeInIndex = 0; path = AdventOfCode2023Tests.xctest; sourceTree = BUILT_PRODUCTS_DIR; };
		DC535BE72B1A3BC600227E30 /* AdventOfCode2023Tests.swift */ = {isa = PBXFileReference; lastKnownFileType = sourcecode.swift; path = AdventOfCode2023Tests.swift; sourceTree = "<group>"; };
		DC535BED2B1A3BC600227E30 /* AdventOfCode2023UITests.xctest */ = {isa = PBXFileReference; explicitFileType = wrapper.cfbundle; includeInIndex = 0; path = AdventOfCode2023UITests.xctest; sourceTree = BUILT_PRODUCTS_DIR; };
		DC535BF12B1A3BC600227E30 /* AdventOfCode2023UITests.swift */ = {isa = PBXFileReference; lastKnownFileType = sourcecode.swift; path = AdventOfCode2023UITests.swift; sourceTree = "<group>"; };
		DC535BF32B1A3BC600227E30 /* AdventOfCode2023UITestsLaunchTests.swift */ = {isa = PBXFileReference; lastKnownFileType = sourcecode.swift; path = AdventOfCode2023UITestsLaunchTests.swift; sourceTree = "<group>"; };
		DC535C002B1A3BD600227E30 /* Day01.swift */ = {isa = PBXFileReference; lastKnownFileType = sourcecode.swift; path = Day01.swift; sourceTree = "<group>"; };
		DC535C022B1A3BE100227E30 /* Day01Tests.swift */ = {isa = PBXFileReference; lastKnownFileType = sourcecode.swift; path = Day01Tests.swift; sourceTree = "<group>"; };
/* End PBXFileReference section */

/* Begin PBXFrameworksBuildPhase section */
		DC535BD02B1A3BC400227E30 /* Frameworks */ = {
			isa = PBXFrameworksBuildPhase;
			buildActionMask = 2147483647;
			files = (
			);
			runOnlyForDeploymentPostprocessing = 0;
		};
		DC535BE02B1A3BC600227E30 /* Frameworks */ = {
			isa = PBXFrameworksBuildPhase;
			buildActionMask = 2147483647;
			files = (
			);
			runOnlyForDeploymentPostprocessing = 0;
		};
		DC535BEA2B1A3BC600227E30 /* Frameworks */ = {
			isa = PBXFrameworksBuildPhase;
			buildActionMask = 2147483647;
			files = (
			);
			runOnlyForDeploymentPostprocessing = 0;
		};
/* End PBXFrameworksBuildPhase section */

/* Begin PBXGroup section */
		DC535BCA2B1A3BC400227E30 = {
			isa = PBXGroup;
			children = (
				DC535BD52B1A3BC400227E30 /* AdventOfCode2023 */,
				DC535BE62B1A3BC600227E30 /* AdventOfCode2023Tests */,
				DC535BF02B1A3BC600227E30 /* AdventOfCode2023UITests */,
				DC535BD42B1A3BC400227E30 /* Products */,
			);
			sourceTree = "<group>";
		};
		DC535BD42B1A3BC400227E30 /* Products */ = {
			isa = PBXGroup;
			children = (
				DC535BD32B1A3BC400227E30 /* AdventOfCode2023.app */,
				DC535BE32B1A3BC600227E30 /* AdventOfCode2023Tests.xctest */,
				DC535BED2B1A3BC600227E30 /* AdventOfCode2023UITests.xctest */,
			);
			name = Products;
			sourceTree = "<group>";
		};
		DC535BD52B1A3BC400227E30 /* AdventOfCode2023 */ = {
			isa = PBXGroup;
			children = (
				DC535BD62B1A3BC400227E30 /* AdventOfCode2023App.swift */,
				DC535BD82B1A3BC400227E30 /* ContentView.swift */,
				DC535BDA2B1A3BC500227E30 /* Assets.xcassets */,
				DC535BDC2B1A3BC500227E30 /* Preview Content */,
				DC535C002B1A3BD600227E30 /* Day01.swift */,
			);
			path = AdventOfCode2023;
			sourceTree = "<group>";
		};
		DC535BDC2B1A3BC500227E30 /* Preview Content */ = {
			isa = PBXGroup;
			children = (
				DC535BDD2B1A3BC500227E30 /* Preview Assets.xcassets */,
			);
			path = "Preview Content";
			sourceTree = "<group>";
		};
		DC535BE62B1A3BC600227E30 /* AdventOfCode2023Tests */ = {
			isa = PBXGroup;
			children = (
				DC535BE72B1A3BC600227E30 /* AdventOfCode2023Tests.swift */,
				DC535C022B1A3BE100227E30 /* Day01Tests.swift */,
			);
			path = AdventOfCode2023Tests;
			sourceTree = "<group>";
		};
		DC535BF02B1A3BC600227E30 /* AdventOfCode2023UITests */ = {
			isa = PBXGroup;
			children = (
				DC535BF12B1A3BC600227E30 /* AdventOfCode2023UITests.swift */,
				DC535BF32B1A3BC600227E30 /* AdventOfCode2023UITestsLaunchTests.swift */,
			);
			path = AdventOfCode2023UITests;
			sourceTree = "<group>";
		};
/* End PBXGroup section */

/* Begin PBXNativeTarget section */
		DC535BD22B1A3BC400227E30 /* AdventOfCode2023 */ = {
			isa = PBXNativeTarget;
			buildConfigurationList = DC535BF72B1A3BC600227E30 /* Build configuration list for PBXNativeTarget "AdventOfCode2023" */;
			buildPhases = (
				DC535BCF2B1A3BC400227E30 /* Sources */,
				DC535BD02B1A3BC400227E30 /* Frameworks */,
				DC535BD12B1A3BC400227E30 /* Resources */,
			);
			buildRules = (
			);
			dependencies = (
			);
			name = AdventOfCode2023;
			productName = AdventOfCode2023;
			productReference = DC535BD32B1A3BC400227E30 /* AdventOfCode2023.app */;
			productType = "com.apple.product-type.application";
		};
		DC535BE22B1A3BC600227E30 /* AdventOfCode2023Tests */ = {
			isa = PBXNativeTarget;
			buildConfigurationList = DC535BFA2B1A3BC600227E30 /* Build configuration list for PBXNativeTarget "AdventOfCode2023Tests" */;
			buildPhases = (
				DC535BDF2B1A3BC600227E30 /* Sources */,
				DC535BE02B1A3BC600227E30 /* Frameworks */,
				DC535BE12B1A3BC600227E30 /* Resources */,
			);
			buildRules = (
			);
			dependencies = (
				DC535BE52B1A3BC600227E30 /* PBXTargetDependency */,
			);
			name = AdventOfCode2023Tests;
			productName = AdventOfCode2023Tests;
			productReference = DC535BE32B1A3BC600227E30 /* AdventOfCode2023Tests.xctest */;
			productType = "com.apple.product-type.bundle.unit-test";
		};
		DC535BEC2B1A3BC600227E30 /* AdventOfCode2023UITests */ = {
			isa = PBXNativeTarget;
			buildConfigurationList = DC535BFD2B1A3BC600227E30 /* Build configuration list for PBXNativeTarget "AdventOfCode2023UITests" */;
			buildPhases = (
				DC535BE92B1A3BC600227E30 /* Sources */,
				DC535BEA2B1A3BC600227E30 /* Frameworks */,
				DC535BEB2B1A3BC600227E30 /* Resources */,
			);
			buildRules = (
			);
			dependencies = (
				DC535BEF2B1A3BC600227E30 /* PBXTargetDependency */,
			);
			name = AdventOfCode2023UITests;
			productName = AdventOfCode2023UITests;
			productReference = DC535BED2B1A3BC600227E30 /* AdventOfCode2023UITests.xctest */;
			productType = "com.apple.product-type.bundle.ui-testing";
		};
/* End PBXNativeTarget section */

/* Begin PBXProject section */
		DC535BCB2B1A3BC400227E30 /* Project object */ = {
			isa = PBXProject;
			attributes = {
				BuildIndependentTargetsInParallel = 1;
				LastSwiftUpdateCheck = 1500;
				LastUpgradeCheck = 1500;
				TargetAttributes = {
					DC535BD22B1A3BC400227E30 = {
						CreatedOnToolsVersion = 15.0.1;
					};
					DC535BE22B1A3BC600227E30 = {
						CreatedOnToolsVersion = 15.0.1;
						TestTargetID = DC535BD22B1A3BC400227E30;
					};
					DC535BEC2B1A3BC600227E30 = {
						CreatedOnToolsVersion = 15.0.1;
						TestTargetID = DC535BD22B1A3BC400227E30;
					};
				};
			};
			buildConfigurationList = DC535BCE2B1A3BC400227E30 /* Build configuration list for PBXProject "AdventOfCode2023" */;
			compatibilityVersion = "Xcode 14.0";
			developmentRegion = en;
			hasScannedForEncodings = 0;
			knownRegions = (
				en,
				Base,
			);
			mainGroup = DC535BCA2B1A3BC400227E30;
			productRefGroup = DC535BD42B1A3BC400227E30 /* Products */;
			projectDirPath = "";
			projectRoot = "";
			targets = (
				DC535BD22B1A3BC400227E30 /* AdventOfCode2023 */,
				DC535BE22B1A3BC600227E30 /* AdventOfCode2023Tests */,
				DC535BEC2B1A3BC600227E30 /* AdventOfCode2023UITests */,
			);
		};
/* End PBXProject section */

/* Begin PBXResourcesBuildPhase section */
		DC535BD12B1A3BC400227E30 /* Resources */ = {
			isa = PBXResourcesBuildPhase;
			buildActionMask = 2147483647;
			files = (
				DC535BDE2B1A3BC500227E30 /* Preview Assets.xcassets in Resources */,
				DC535BDB2B1A3BC500227E30 /* Assets.xcassets in Resources */,
			);
			runOnlyForDeploymentPostprocessing = 0;
		};
		DC535BE12B1A3BC600227E30 /* Resources */ = {
			isa = PBXResourcesBuildPhase;
			buildActionMask = 2147483647;
			files = (
			);
			runOnlyForDeploymentPostprocessing = 0;
		};
		DC535BEB2B1A3BC600227E30 /* Resources */ = {
			isa = PBXResourcesBuildPhase;
			buildActionMask = 2147483647;
			files = (
			);
			runOnlyForDeploymentPostprocessing = 0;
		};
/* End PBXResourcesBuildPhase section */

/* Begin PBXSourcesBuildPhase section */
		DC535BCF2B1A3BC400227E30 /* Sources */ = {
			isa = PBXSourcesBuildPhase;
			buildActionMask = 2147483647;
			files = (
				DC535BD92B1A3BC400227E30 /* ContentView.swift in Sources */,
				DC535C012B1A3BD600227E30 /* Day01.swift in Sources */,
				DC535BD72B1A3BC400227E30 /* AdventOfCode2023App.swift in Sources */,
			);
			runOnlyForDeploymentPostprocessing = 0;
		};
		DC535BDF2B1A3BC600227E30 /* Sources */ = {
			isa = PBXSourcesBuildPhase;
			buildActionMask = 2147483647;
			files = (
				DC535C032B1A3BE100227E30 /* Day01Tests.swift in Sources */,
				DC535BE82B1A3BC600227E30 /* AdventOfCode2023Tests.swift in Sources */,
			);
			runOnlyForDeploymentPostprocessing = 0;
		};
		DC535BE92B1A3BC600227E30 /* Sources */ = {
			isa = PBXSourcesBuildPhase;
			buildActionMask = 2147483647;
			files = (
				DC535BF22B1A3BC600227E30 /* AdventOfCode2023UITests.swift in Sources */,
				DC535BF42B1A3BC600227E30 /* AdventOfCode2023UITestsLaunchTests.swift in Sources */,
			);
			runOnlyForDeploymentPostprocessing = 0;
		};
/* End PBXSourcesBuildPhase section */

/* Begin PBXTargetDependency section */
		DC535BE52B1A3BC600227E30 /* PBXTargetDependency */ = {
			isa = PBXTargetDependency;
			target = DC535BD22B1A3BC400227E30 /* AdventOfCode2023 */;
			targetProxy = DC535BE42B1A3BC600227E30 /* PBXContainerItemProxy */;
		};
		DC535BEF2B1A3BC600227E30 /* PBXTargetDependency */ = {
			isa = PBXTargetDependency;
			target = DC535BD22B1A3BC400227E30 /* AdventOfCode2023 */;
			targetProxy = DC535BEE2B1A3BC600227E30 /* PBXContainerItemProxy */;
		};
/* End PBXTargetDependency section */

/* Begin XCBuildConfiguration section */
		DC535BF52B1A3BC600227E30 /* Debug */ = {
			isa = XCBuildConfiguration;
			buildSettings = {
				ALWAYS_SEARCH_USER_PATHS = NO;
				ASSETCATALOG_COMPILER_GENERATE_SWIFT_ASSET_SYMBOL_EXTENSIONS = YES;
				CLANG_ANALYZER_NONNULL = YES;
				CLANG_ANALYZER_NUMBER_OBJECT_CONVERSION = YES_AGGRESSIVE;
				CLANG_CXX_LANGUAGE_STANDARD = "gnu++20";
				CLANG_ENABLE_MODULES = YES;
				CLANG_ENABLE_OBJC_ARC = YES;
				CLANG_ENABLE_OBJC_WEAK = YES;
				CLANG_WARN_BLOCK_CAPTURE_AUTORELEASING = YES;
				CLANG_WARN_BOOL_CONVERSION = YES;
				CLANG_WARN_COMMA = YES;
				CLANG_WARN_CONSTANT_CONVERSION = YES;
				CLANG_WARN_DEPRECATED_OBJC_IMPLEMENTATIONS = YES;
				CLANG_WARN_DIRECT_OBJC_ISA_USAGE = YES_ERROR;
				CLANG_WARN_DOCUMENTATION_COMMENTS = YES;
				CLANG_WARN_EMPTY_BODY = YES;
				CLANG_WARN_ENUM_CONVERSION = YES;
				CLANG_WARN_INFINITE_RECURSION = YES;
				CLANG_WARN_INT_CONVERSION = YES;
				CLANG_WARN_NON_LITERAL_NULL_CONVERSION = YES;
				CLANG_WARN_OBJC_IMPLICIT_RETAIN_SELF = YES;
				CLANG_WARN_OBJC_LITERAL_CONVERSION = YES;
				CLANG_WARN_OBJC_ROOT_CLASS = YES_ERROR;
				CLANG_WARN_QUOTED_INCLUDE_IN_FRAMEWORK_HEADER = YES;
				CLANG_WARN_RANGE_LOOP_ANALYSIS = YES;
				CLANG_WARN_STRICT_PROTOTYPES = YES;
				CLANG_WARN_SUSPICIOUS_MOVE = YES;
				CLANG_WARN_UNGUARDED_AVAILABILITY = YES_AGGRESSIVE;
				CLANG_WARN_UNREACHABLE_CODE = YES;
				CLANG_WARN__DUPLICATE_METHOD_MATCH = YES;
				COPY_PHASE_STRIP = NO;
				DEBUG_INFORMATION_FORMAT = dwarf;
				ENABLE_STRICT_OBJC_MSGSEND = YES;
				ENABLE_TESTABILITY = YES;
				ENABLE_USER_SCRIPT_SANDBOXING = YES;
				GCC_C_LANGUAGE_STANDARD = gnu17;
				GCC_DYNAMIC_NO_PIC = NO;
				GCC_NO_COMMON_BLOCKS = YES;
				GCC_OPTIMIZATION_LEVEL = 0;
				GCC_PREPROCESSOR_DEFINITIONS = (
					"DEBUG=1",
					"$(inherited)",
				);
				GCC_WARN_64_TO_32_BIT_CONVERSION = YES;
				GCC_WARN_ABOUT_RETURN_TYPE = YES_ERROR;
				GCC_WARN_UNDECLARED_SELECTOR = YES;
				GCC_WARN_UNINITIALIZED_AUTOS = YES_AGGRESSIVE;
				GCC_WARN_UNUSED_FUNCTION = YES;
				GCC_WARN_UNUSED_VARIABLE = YES;
				IPHONEOS_DEPLOYMENT_TARGET = 17.0;
				LOCALIZATION_PREFERS_STRING_CATALOGS = YES;
				MTL_ENABLE_DEBUG_INFO = INCLUDE_SOURCE;
				MTL_FAST_MATH = YES;
				ONLY_ACTIVE_ARCH = YES;
				SDKROOT = iphoneos;
				SWIFT_ACTIVE_COMPILATION_CONDITIONS = "DEBUG $(inherited)";
				SWIFT_OPTIMIZATION_LEVEL = "-Onone";
			};
			name = Debug;
		};
		DC535BF62B1A3BC600227E30 /* Release */ = {
			isa = XCBuildConfiguration;
			buildSettings = {
				ALWAYS_SEARCH_USER_PATHS = NO;
				ASSETCATALOG_COMPILER_GENERATE_SWIFT_ASSET_SYMBOL_EXTENSIONS = YES;
				CLANG_ANALYZER_NONNULL = YES;
				CLANG_ANALYZER_NUMBER_OBJECT_CONVERSION = YES_AGGRESSIVE;
				CLANG_CXX_LANGUAGE_STANDARD = "gnu++20";
				CLANG_ENABLE_MODULES = YES;
				CLANG_ENABLE_OBJC_ARC = YES;
				CLANG_ENABLE_OBJC_WEAK = YES;
				CLANG_WARN_BLOCK_CAPTURE_AUTORELEASING = YES;
				CLANG_WARN_BOOL_CONVERSION = YES;
				CLANG_WARN_COMMA = YES;
				CLANG_WARN_CONSTANT_CONVERSION = YES;
				CLANG_WARN_DEPRECATED_OBJC_IMPLEMENTATIONS = YES;
				CLANG_WARN_DIRECT_OBJC_ISA_USAGE = YES_ERROR;
				CLANG_WARN_DOCUMENTATION_COMMENTS = YES;
				CLANG_WARN_EMPTY_BODY = YES;
				CLANG_WARN_ENUM_CONVERSION = YES;
				CLANG_WARN_INFINITE_RECURSION = YES;
				CLANG_WARN_INT_CONVERSION = YES;
				CLANG_WARN_NON_LITERAL_NULL_CONVERSION = YES;
				CLANG_WARN_OBJC_IMPLICIT_RETAIN_SELF = YES;
				CLANG_WARN_OBJC_LITERAL_CONVERSION = YES;
				CLANG_WARN_OBJC_ROOT_CLASS = YES_ERROR;
				CLANG_WARN_QUOTED_INCLUDE_IN_FRAMEWORK_HEADER = YES;
				CLANG_WARN_RANGE_LOOP_ANALYSIS = YES;
				CLANG_WARN_STRICT_PROTOTYPES = YES;
				CLANG_WARN_SUSPICIOUS_MOVE = YES;
				CLANG_WARN_UNGUARDED_AVAILABILITY = YES_AGGRESSIVE;
				CLANG_WARN_UNREACHABLE_CODE = YES;
				CLANG_WARN__DUPLICATE_METHOD_MATCH = YES;
				COPY_PHASE_STRIP = NO;
				DEBUG_INFORMATION_FORMAT = "dwarf-with-dsym";
				ENABLE_NS_ASSERTIONS = NO;
				ENABLE_STRICT_OBJC_MSGSEND = YES;
				ENABLE_USER_SCRIPT_SANDBOXING = YES;
				GCC_C_LANGUAGE_STANDARD = gnu17;
				GCC_NO_COMMON_BLOCKS = YES;
				GCC_WARN_64_TO_32_BIT_CONVERSION = YES;
				GCC_WARN_ABOUT_RETURN_TYPE = YES_ERROR;
				GCC_WARN_UNDECLARED_SELECTOR = YES;
				GCC_WARN_UNINITIALIZED_AUTOS = YES_AGGRESSIVE;
				GCC_WARN_UNUSED_FUNCTION = YES;
				GCC_WARN_UNUSED_VARIABLE = YES;
				IPHONEOS_DEPLOYMENT_TARGET = 17.0;
				LOCALIZATION_PREFERS_STRING_CATALOGS = YES;
				MTL_ENABLE_DEBUG_INFO = NO;
				MTL_FAST_MATH = YES;
				SDKROOT = iphoneos;
				SWIFT_COMPILATION_MODE = wholemodule;
				VALIDATE_PRODUCT = YES;
			};
			name = Release;
		};
		DC535BF82B1A3BC600227E30 /* Debug */ = {
			isa = XCBuildConfiguration;
			buildSettings = {
				ASSETCATALOG_COMPILER_APPICON_NAME = AppIcon;
				ASSETCATALOG_COMPILER_GLOBAL_ACCENT_COLOR_NAME = AccentColor;
				CODE_SIGN_STYLE = Automatic;
				CURRENT_PROJECT_VERSION = 1;
				DEVELOPMENT_ASSET_PATHS = "\"AdventOfCode2023/Preview Content\"";
				DEVELOPMENT_TEAM = Z5M9VK4TN9;
				ENABLE_PREVIEWS = YES;
				GENERATE_INFOPLIST_FILE = YES;
				INFOPLIST_KEY_UIApplicationSceneManifest_Generation = YES;
				INFOPLIST_KEY_UIApplicationSupportsIndirectInputEvents = YES;
				INFOPLIST_KEY_UILaunchScreen_Generation = YES;
				INFOPLIST_KEY_UISupportedInterfaceOrientations_iPad = "UIInterfaceOrientationPortrait UIInterfaceOrientationPortraitUpsideDown UIInterfaceOrientationLandscapeLeft UIInterfaceOrientationLandscapeRight";
				INFOPLIST_KEY_UISupportedInterfaceOrientations_iPhone = "UIInterfaceOrientationPortrait UIInterfaceOrientationLandscapeLeft UIInterfaceOrientationLandscapeRight";
				LD_RUNPATH_SEARCH_PATHS = (
					"$(inherited)",
					"@executable_path/Frameworks",
				);
				MARKETING_VERSION = 1.0;
				PRODUCT_BUNDLE_IDENTIFIER = dpjt.AdventOfCode2023;
				PRODUCT_NAME = "$(TARGET_NAME)";
				SWIFT_EMIT_LOC_STRINGS = YES;
				SWIFT_VERSION = 5.0;
				TARGETED_DEVICE_FAMILY = "1,2";
			};
			name = Debug;
		};
		DC535BF92B1A3BC600227E30 /* Release */ = {
			isa = XCBuildConfiguration;
			buildSettings = {
				ASSETCATALOG_COMPILER_APPICON_NAME = AppIcon;
				ASSETCATALOG_COMPILER_GLOBAL_ACCENT_COLOR_NAME = AccentColor;
				CODE_SIGN_STYLE = Automatic;
				CURRENT_PROJECT_VERSION = 1;
				DEVELOPMENT_ASSET_PATHS = "\"AdventOfCode2023/Preview Content\"";
				DEVELOPMENT_TEAM = Z5M9VK4TN9;
				ENABLE_PREVIEWS = YES;
				GENERATE_INFOPLIST_FILE = YES;
				INFOPLIST_KEY_UIApplicationSceneManifest_Generation = YES;
				INFOPLIST_KEY_UIApplicationSupportsIndirectInputEvents = YES;
				INFOPLIST_KEY_UILaunchScreen_Generation = YES;
				INFOPLIST_KEY_UISupportedInterfaceOrientations_iPad = "UIInterfaceOrientationPortrait UIInterfaceOrientationPortraitUpsideDown UIInterfaceOrientationLandscapeLeft UIInterfaceOrientationLandscapeRight";
				INFOPLIST_KEY_UISupportedInterfaceOrientations_iPhone = "UIInterfaceOrientationPortrait UIInterfaceOrientationLandscapeLeft UIInterfaceOrientationLandscapeRight";
				LD_RUNPATH_SEARCH_PATHS = (
					"$(inherited)",
					"@executable_path/Frameworks",
				);
				MARKETING_VERSION = 1.0;
				PRODUCT_BUNDLE_IDENTIFIER = dpjt.AdventOfCode2023;
				PRODUCT_NAME = "$(TARGET_NAME)";
				SWIFT_EMIT_LOC_STRINGS = YES;
				SWIFT_VERSION = 5.0;
				TARGETED_DEVICE_FAMILY = "1,2";
			};
			name = Release;
		};
		DC535BFB2B1A3BC600227E30 /* Debug */ = {
			isa = XCBuildConfiguration;
			buildSettings = {
				ALWAYS_EMBED_SWIFT_STANDARD_LIBRARIES = YES;
				BUNDLE_LOADER = "$(TEST_HOST)";
				CODE_SIGN_STYLE = Automatic;
				CURRENT_PROJECT_VERSION = 1;
				DEVELOPMENT_TEAM = Z5M9VK4TN9;
				GENERATE_INFOPLIST_FILE = YES;
				IPHONEOS_DEPLOYMENT_TARGET = 17.0;
				MARKETING_VERSION = 1.0;
				PRODUCT_BUNDLE_IDENTIFIER = dpjt.AdventOfCode2023Tests;
				PRODUCT_NAME = "$(TARGET_NAME)";
				SWIFT_EMIT_LOC_STRINGS = NO;
				SWIFT_VERSION = 5.0;
				TARGETED_DEVICE_FAMILY = "1,2";
				TEST_HOST = "$(BUILT_PRODUCTS_DIR)/AdventOfCode2023.app/$(BUNDLE_EXECUTABLE_FOLDER_PATH)/AdventOfCode2023";
			};
			name = Debug;
		};
		DC535BFC2B1A3BC600227E30 /* Release */ = {
			isa = XCBuildConfiguration;
			buildSettings = {
				ALWAYS_EMBED_SWIFT_STANDARD_LIBRARIES = YES;
				BUNDLE_LOADER = "$(TEST_HOST)";
				CODE_SIGN_STYLE = Automatic;
				CURRENT_PROJECT_VERSION = 1;
				DEVELOPMENT_TEAM = Z5M9VK4TN9;
				GENERATE_INFOPLIST_FILE = YES;
				IPHONEOS_DEPLOYMENT_TARGET = 17.0;
				MARKETING_VERSION = 1.0;
				PRODUCT_BUNDLE_IDENTIFIER = dpjt.AdventOfCode2023Tests;
				PRODUCT_NAME = "$(TARGET_NAME)";
				SWIFT_EMIT_LOC_STRINGS = NO;
				SWIFT_VERSION = 5.0;
				TARGETED_DEVICE_FAMILY = "1,2";
				TEST_HOST = "$(BUILT_PRODUCTS_DIR)/AdventOfCode2023.app/$(BUNDLE_EXECUTABLE_FOLDER_PATH)/AdventOfCode2023";
			};
			name = Release;
		};
		DC535BFE2B1A3BC600227E30 /* Debug */ = {
			isa = XCBuildConfiguration;
			buildSettings = {
				ALWAYS_EMBED_SWIFT_STANDARD_LIBRARIES = YES;
				CODE_SIGN_STYLE = Automatic;
				CURRENT_PROJECT_VERSION = 1;
				DEVELOPMENT_TEAM = Z5M9VK4TN9;
				GENERATE_INFOPLIST_FILE = YES;
				MARKETING_VERSION = 1.0;
				PRODUCT_BUNDLE_IDENTIFIER = dpjt.AdventOfCode2023UITests;
				PRODUCT_NAME = "$(TARGET_NAME)";
				SWIFT_EMIT_LOC_STRINGS = NO;
				SWIFT_VERSION = 5.0;
				TARGETED_DEVICE_FAMILY = "1,2";
				TEST_TARGET_NAME = AdventOfCode2023;
			};
			name = Debug;
		};
		DC535BFF2B1A3BC600227E30 /* Release */ = {
			isa = XCBuildConfiguration;
			buildSettings = {
				ALWAYS_EMBED_SWIFT_STANDARD_LIBRARIES = YES;
				CODE_SIGN_STYLE = Automatic;
				CURRENT_PROJECT_VERSION = 1;
				DEVELOPMENT_TEAM = Z5M9VK4TN9;
				GENERATE_INFOPLIST_FILE = YES;
				MARKETING_VERSION = 1.0;
				PRODUCT_BUNDLE_IDENTIFIER = dpjt.AdventOfCode2023UITests;
				PRODUCT_NAME = "$(TARGET_NAME)";
				SWIFT_EMIT_LOC_STRINGS = NO;
				SWIFT_VERSION = 5.0;
				TARGETED_DEVICE_FAMILY = "1,2";
				TEST_TARGET_NAME = AdventOfCode2023;
			};
			name = Release;
		};
/* End XCBuildConfiguration section */

/* Begin XCConfigurationList section */
		DC535BCE2B1A3BC400227E30 /* Build configuration list for PBXProject "AdventOfCode2023" */ = {
			isa = XCConfigurationList;
			buildConfigurations = (
				DC535BF52B1A3BC600227E30 /* Debug */,
				DC535BF62B1A3BC600227E30 /* Release */,
			);
			defaultConfigurationIsVisible = 0;
			defaultConfigurationName = Release;
		};
		DC535BF72B1A3BC600227E30 /* Build configuration list for PBXNativeTarget "AdventOfCode2023" */ = {
			isa = XCConfigurationList;
			buildConfigurations = (
				DC535BF82B1A3BC600227E30 /* Debug */,
				DC535BF92B1A3BC600227E30 /* Release */,
			);
			defaultConfigurationIsVisible = 0;
			defaultConfigurationName = Release;
		};
		DC535BFA2B1A3BC600227E30 /* Build configuration list for PBXNativeTarget "AdventOfCode2023Tests" */ = {
			isa = XCConfigurationList;
			buildConfigurations = (
				DC535BFB2B1A3BC600227E30 /* Debug */,
				DC535BFC2B1A3BC600227E30 /* Release */,
			);
			defaultConfigurationIsVisible = 0;
			defaultConfigurationName = Release;
		};
		DC535BFD2B1A3BC600227E30 /* Build configuration list for PBXNativeTarget "AdventOfCode2023UITests" */ = {
			isa = XCConfigurationList;
			buildConfigurations = (
				DC535BFE2B1A3BC600227E30 /* Debug */,
				DC535BFF2B1A3BC600227E30 /* Release */,
			);
			defaultConfigurationIsVisible = 0;
			defaultConfigurationName = Release;
		};
/* End XCConfigurationList section */
	};
	rootObject = DC535BCB2B1A3BC400227E30 /* Project object */;
}
